
Microsoft Visual Studio Solution File, Format Version 12.00
# Visual Studio Version 16
VisualStudioVersion = 16.0.30907.101
MinimumVisualStudioVersion = 10.0.40219.1
Project("{9A19103F-16F7-4668-BE54-9A1E7A4F7556}") = "NaverGoogle_AutoCrawler", "NaverGoogle_AutoCrawler.csproj", "{0E7167F4-5AB4-42AF-BC72-B066311FC052}"
EndProject
Global
	GlobalSection(SolutionConfigurationPlatforms) = preSolution
		Debug|Any CPU = Debug|Any CPU
		Naverv1_Crawler|Any CPU = Naverv1_Crawler|Any CPU
		Release|Any CPU = Release|Any CPU
	EndGlobalSection
	GlobalSection(ProjectConfigurationPlatforms) = postSolution
		{0E7167F4-5AB4-42AF-BC72-B066311FC052}.Debug|Any CPU.ActiveCfg = Debug|Any CPU
		{0E7167F4-5AB4-42AF-BC72-B066311FC052}.Debug|Any CPU.Build.0 = Debug|Any CPU
		{0E7167F4-5AB4-42AF-BC72-B066311FC052}.Naverv1_Crawler|Any CPU.ActiveCfg = Debug|Any CPU
		{0E7167F4-5AB4-42AF-BC72-B066311FC052}.Naverv1_Crawler|Any CPU.Build.0 = Debug|Any CPU
		{0E7167F4-5AB4-42AF-BC72-B066311FC052}.Release|Any CPU.ActiveCfg = Release|Any CPU
		{0E7167F4-5AB4-42AF-BC72-B066311FC052}.Release|Any CPU.Build.0 = Release|Any CPU
	EndGlobalSection
	GlobalSection(SolutionProperties) = preSolution
		HideSolutionNode = FALSE
	EndGlobalSection
	GlobalSection(ExtensibilityGlobals) = postSolution
		SolutionGuid = {78C6C826-17B2-4F47-8D7F-034BAB428B8D}
	EndGlobalSection
EndGlobal
